
Microsoft Visual Studio Solution File, Format Version 12.00
# Visual Studio Version 16
VisualStudioVersion = 16.0.31605.320
MinimumVisualStudioVersion = 10.0.40219.1
Project("{8BC9CEB8-8B4A-11D0-8D11-00A0C91BC942}") = "条件变量处理线程", "条件变量处理线程\条件变量处理线程.vcxproj", "{6D3B7D57-AD5C-441A-81EE-479CABFEE710}"
EndProject
Global
	GlobalSection(SolutionConfigurationPlatforms) = preSolution
		Debug|x64 = Debug|x64
		Debug|x86 = Debug|x86
		Release|x64 = Release|x64
		Release|x86 = Release|x86
	EndGlobalSection
	GlobalSection(ProjectConfigurationPlatforms) = postSolution
		{6D3B7D57-AD5C-441A-81EE-479CABFEE710}.Debug|x64.ActiveCfg = Debug|x64
		{6D3B7D57-AD5C-441A-81EE-479CABFEE710}.Debug|x64.Build.0 = Debug|x64
		{6D3B7D57-AD5C-441A-81EE-479CABFEE710}.Debug|x86.ActiveCfg = Debug|Win32
		{6D3B7D57-AD5C-441A-81EE-479CABFEE710}.Debug|x86.Build.0 = Debug|Win32
		{6D3B7D57-AD5C-441A-81EE-479CABFEE710}.Release|x64.ActiveCfg = Release|x64
		{6D3B7D57-AD5C-441A-81EE-479CABFEE710}.Release|x64.Build.0 = Release|x64
		{6D3B7D57-AD5C-441A-81EE-479CABFEE710}.Release|x86.ActiveCfg = Release|Win32
		{6D3B7D57-AD5C-441A-81EE-479CABFEE710}.Release|x86.Build.0 = Release|Win32
	EndGlobalSection
	GlobalSection(SolutionProperties) = preSolution
		HideSolutionNode = FALSE
	EndGlobalSection
	GlobalSection(ExtensibilityGlobals) = postSolution
		SolutionGuid = {540FD0BF-FE8E-4E66-94E9-B8CEB5A7123F}
	EndGlobalSection
EndGlobal
